// !$*UTF8*$!
{
	archiveVersion = 1;
	classes = {
	};
	objectVersion = 77;
	objects = {

/* Begin PBXContainerItemProxy section */
		3DBFEA732DDAD6A600486DC8 /* PBXContainerItemProxy */ = {
			isa = PBXContainerItemProxy;
			containerPortal = 3DBFEA5D2DDAD6A500486DC8 /* Project object */;
			proxyType = 1;
			remoteGlobalIDString = 3DBFEA642DDAD6A500486DC8;
			remoteInfo = OrderBook;
		};
		3DBFEA7D2DDAD6A600486DC8 /* PBXContainerItemProxy */ = {
			isa = PBXContainerItemProxy;
			containerPortal = 3DBFEA5D2DDAD6A500486DC8 /* Project object */;
			proxyType = 1;
			remoteGlobalIDString = 3DBFEA642DDAD6A500486DC8;
			remoteInfo = OrderBook;
		};
/* End PBXContainerItemProxy section */

/* Begin PBXFileReference section */
		3DBFEA652DDAD6A500486DC8 /* OrderBook.app */ = {isa = PBXFileReference; explicitFileType = wrapper.application; includeInIndex = 0; path = OrderBook.app; sourceTree = BUILT_PRODUCTS_DIR; };
		3DBFEA722DDAD6A600486DC8 /* OrderBookTests.xctest */ = {isa = PBXFileReference; explicitFileType = wrapper.cfbundle; includeInIndex = 0; path = OrderBookTests.xctest; sourceTree = BUILT_PRODUCTS_DIR; };
		3DBFEA7C2DDAD6A600486DC8 /* OrderBookUITests.xctest */ = {isa = PBXFileReference; explicitFileType = wrapper.cfbundle; includeInIndex = 0; path = OrderBookUITests.xctest; sourceTree = BUILT_PRODUCTS_DIR; };
/* End PBXFileReference section */

/* Begin PBXFileSystemSynchronizedRootGroup section */
		3DBFEA672DDAD6A500486DC8 /* OrderBook */ = {
			isa = PBXFileSystemSynchronizedRootGroup;
			path = OrderBook;
			sourceTree = "<group>";
		};
		3DBFEA752DDAD6A600486DC8 /* OrderBookTests */ = {
			isa = PBXFileSystemSynchronizedRootGroup;
			path = OrderBookTests;
			sourceTree = "<group>";
		};
		3DBFEA7F2DDAD6A600486DC8 /* OrderBookUITests */ = {
			isa = PBXFileSystemSynchronizedRootGroup;
			path = OrderBookUITests;
			sourceTree = "<group>";
		};
/* End PBXFileSystemSynchronizedRootGroup section */

/* Begin PBXFrameworksBuildPhase section */
		3DBFEA622DDAD6A500486DC8 /* Frameworks */ = {
			isa = PBXFrameworksBuildPhase;
			buildActionMask = 2147483647;
			files = (
			);
			runOnlyForDeploymentPostprocessing = 0;
		};
		3DBFEA6F2DDAD6A600486DC8 /* Frameworks */ = {
			isa = PBXFrameworksBuildPhase;
			buildActionMask = 2147483647;
			files = (
			);
			runOnlyForDeploymentPostprocessing = 0;
		};
		3DBFEA792DDAD6A600486DC8 /* Frameworks */ = {
			isa = PBXFrameworksBuildPhase;
			buildActionMask = 2147483647;
			files = (
			);
			runOnlyForDeploymentPostprocessing = 0;
		};
/* End PBXFrameworksBuildPhase section */

/* Begin PBXGroup section */
		3DBFEA5C2DDAD6A500486DC8 = {
			isa = PBXGroup;
			children = (
				3DBFEA672DDAD6A500486DC8 /* OrderBook */,
				3DBFEA752DDAD6A600486DC8 /* OrderBookTests */,
				3DBFEA7F2DDAD6A600486DC8 /* OrderBookUITests */,
				3DBFEA662DDAD6A500486DC8 /* Products */,
			);
			sourceTree = "<group>";
		};
		3DBFEA662DDAD6A500486DC8 /* Products */ = {
			isa = PBXGroup;
			children = (
				3DBFEA652DDAD6A500486DC8 /* OrderBook.app */,
				3DBFEA722DDAD6A600486DC8 /* OrderBookTests.xctest */,
				3DBFEA7C2DDAD6A600486DC8 /* OrderBookUITests.xctest */,
			);
			name = Products;
			sourceTree = "<group>";
		};
/* End PBXGroup section */

/* Begin PBXNativeTarget section */
		3DBFEA642DDAD6A500486DC8 /* OrderBook */ = {
			isa = PBXNativeTarget;
			buildConfigurationList = 3DBFEA862DDAD6A600486DC8 /* Build configuration list for PBXNativeTarget "OrderBook" */;
			buildPhases = (
				3DBFEA612DDAD6A500486DC8 /* Sources */,
				3DBFEA622DDAD6A500486DC8 /* Frameworks */,
				3DBFEA632DDAD6A500486DC8 /* Resources */,
			);
			buildRules = (
			);
			dependencies = (
			);
			fileSystemSynchronizedGroups = (
				3DBFEA672DDAD6A500486DC8 /* OrderBook */,
			);
			name = OrderBook;
			packageProductDependencies = (
			);
			productName = OrderBook;
			productReference = 3DBFEA652DDAD6A500486DC8 /* OrderBook.app */;
			productType = "com.apple.product-type.application";
		};
		3DBFEA712DDAD6A600486DC8 /* OrderBookTests */ = {
			isa = PBXNativeTarget;
			buildConfigurationList = 3DBFEA892DDAD6A600486DC8 /* Build configuration list for PBXNativeTarget "OrderBookTests" */;
			buildPhases = (
				3DBFEA6E2DDAD6A600486DC8 /* Sources */,
				3DBFEA6F2DDAD6A600486DC8 /* Frameworks */,
				3DBFEA702DDAD6A600486DC8 /* Resources */,
			);
			buildRules = (
			);
			dependencies = (
				3DBFEA742DDAD6A600486DC8 /* PBXTargetDependency */,
			);
			fileSystemSynchronizedGroups = (
				3DBFEA752DDAD6A600486DC8 /* OrderBookTests */,
			);
			name = OrderBookTests;
			packageProductDependencies = (
			);
			productName = OrderBookTests;
			productReference = 3DBFEA722DDAD6A600486DC8 /* OrderBookTests.xctest */;
			productType = "com.apple.product-type.bundle.unit-test";
		};
		3DBFEA7B2DDAD6A600486DC8 /* OrderBookUITests */ = {
			isa = PBXNativeTarget;
			buildConfigurationList = 3DBFEA8C2DDAD6A600486DC8 /* Build configuration list for PBXNativeTarget "OrderBookUITests" */;
			buildPhases = (
				3DBFEA782DDAD6A600486DC8 /* Sources */,
				3DBFEA792DDAD6A600486DC8 /* Frameworks */,
				3DBFEA7A2DDAD6A600486DC8 /* Resources */,
			);
			buildRules = (
			);
			dependencies = (
				3DBFEA7E2DDAD6A600486DC8 /* PBXTargetDependency */,
			);
			fileSystemSynchronizedGroups = (
				3DBFEA7F2DDAD6A600486DC8 /* OrderBookUITests */,
			);
			name = OrderBookUITests;
			packageProductDependencies = (
			);
			productName = OrderBookUITests;
			productReference = 3DBFEA7C2DDAD6A600486DC8 /* OrderBookUITests.xctest */;
			productType = "com.apple.product-type.bundle.ui-testing";
		};
/* End PBXNativeTarget section */

/* Begin PBXProject section */
		3DBFEA5D2DDAD6A500486DC8 /* Project object */ = {
			isa = PBXProject;
			attributes = {
				BuildIndependentTargetsInParallel = 1;
				LastSwiftUpdateCheck = 1630;
				LastUpgradeCheck = 1630;
				TargetAttributes = {
					3DBFEA642DDAD6A500486DC8 = {
						CreatedOnToolsVersion = 16.3;
					};
					3DBFEA712DDAD6A600486DC8 = {
						CreatedOnToolsVersion = 16.3;
						TestTargetID = 3DBFEA642DDAD6A500486DC8;
					};
					3DBFEA7B2DDAD6A600486DC8 = {
						CreatedOnToolsVersion = 16.3;
						TestTargetID = 3DBFEA642DDAD6A500486DC8;
					};
				};
			};
			buildConfigurationList = 3DBFEA602DDAD6A500486DC8 /* Build configuration list for PBXProject "OrderBook" */;
			developmentRegion = en;
			hasScannedForEncodings = 0;
			knownRegions = (
				en,
				Base,
			);
			mainGroup = 3DBFEA5C2DDAD6A500486DC8;
			minimizedProjectReferenceProxies = 1;
			preferredProjectObjectVersion = 77;
			productRefGroup = 3DBFEA662DDAD6A500486DC8 /* Products */;
			projectDirPath = "";
			projectRoot = "";
			targets = (
				3DBFEA642DDAD6A500486DC8 /* OrderBook */,
				3DBFEA712DDAD6A600486DC8 /* OrderBookTests */,
				3DBFEA7B2DDAD6A600486DC8 /* OrderBookUITests */,
			);
		};
/* End PBXProject section */

/* Begin PBXResourcesBuildPhase section */
		3DBFEA632DDAD6A500486DC8 /* Resources */ = {
			isa = PBXResourcesBuildPhase;
			buildActionMask = 2147483647;
			files = (
			);
			runOnlyForDeploymentPostprocessing = 0;
		};
		3DBFEA702DDAD6A600486DC8 /* Resources */ = {
			isa = PBXResourcesBuildPhase;
			buildActionMask = 2147483647;
			files = (
			);
			runOnlyForDeploymentPostprocessing = 0;
		};
		3DBFEA7A2DDAD6A600486DC8 /* Resources */ = {
			isa = PBXResourcesBuildPhase;
			buildActionMask = 2147483647;
			files = (
			);
			runOnlyForDeploymentPostprocessing = 0;
		};
/* End PBXResourcesBuildPhase section */

/* Begin PBXSourcesBuildPhase section */
		3DBFEA612DDAD6A500486DC8 /* Sources */ = {
			isa = PBXSourcesBuildPhase;
			buildActionMask = 2147483647;
			files = (
			);
			runOnlyForDeploymentPostprocessing = 0;
		};
		3DBFEA6E2DDAD6A600486DC8 /* Sources */ = {
			isa = PBXSourcesBuildPhase;
			buildActionMask = 2147483647;
			files = (
			);
			runOnlyForDeploymentPostprocessing = 0;
		};
		3DBFEA782DDAD6A600486DC8 /* Sources */ = {
			isa = PBXSourcesBuildPhase;
			buildActionMask = 2147483647;
			files = (
			);
			runOnlyForDeploymentPostprocessing = 0;
		};
/* End PBXSourcesBuildPhase section */

/* Begin PBXTargetDependency section */
		3DBFEA742DDAD6A600486DC8 /* PBXTargetDependency */ = {
			isa = PBXTargetDependency;
			target = 3DBFEA642DDAD6A500486DC8 /* OrderBook */;
			targetProxy = 3DBFEA732DDAD6A600486DC8 /* PBXContainerItemProxy */;
		};
		3DBFEA7E2DDAD6A600486DC8 /* PBXTargetDependency */ = {
			isa = PBXTargetDependency;
			target = 3DBFEA642DDAD6A500486DC8 /* OrderBook */;
			targetProxy = 3DBFEA7D2DDAD6A600486DC8 /* PBXContainerItemProxy */;
		};
/* End PBXTargetDependency section */

/* Begin XCBuildConfiguration section */
		3DBFEA842DDAD6A600486DC8 /* Debug */ = {
			isa = XCBuildConfiguration;
			buildSettings = {
				ALWAYS_SEARCH_USER_PATHS = NO;
				ASSETCATALOG_COMPILER_GENERATE_SWIFT_ASSET_SYMBOL_EXTENSIONS = YES;
				CLANG_ANALYZER_NONNULL = YES;
				CLANG_ANALYZER_NUMBER_OBJECT_CONVERSION = YES_AGGRESSIVE;
				CLANG_CXX_LANGUAGE_STANDARD = "gnu++20";
				CLANG_ENABLE_MODULES = YES;
				CLANG_ENABLE_OBJC_ARC = YES;
				CLANG_ENABLE_OBJC_WEAK = YES;
				CLANG_WARN_BLOCK_CAPTURE_AUTORELEASING = YES;
				CLANG_WARN_BOOL_CONVERSION = YES;
				CLANG_WARN_COMMA = YES;
				CLANG_WARN_CONSTANT_CONVERSION = YES;
				CLANG_WARN_DEPRECATED_OBJC_IMPLEMENTATIONS = YES;
				CLANG_WARN_DIRECT_OBJC_ISA_USAGE = YES_ERROR;
				CLANG_WARN_DOCUMENTATION_COMMENTS = YES;
				CLANG_WARN_EMPTY_BODY = YES;
				CLANG_WARN_ENUM_CONVERSION = YES;
				CLANG_WARN_INFINITE_RECURSION = YES;
				CLANG_WARN_INT_CONVERSION = YES;
				CLANG_WARN_NON_LITERAL_NULL_CONVERSION = YES;
				CLANG_WARN_OBJC_IMPLICIT_RETAIN_SELF = YES;
				CLANG_WARN_OBJC_LITERAL_CONVERSION = YES;
				CLANG_WARN_OBJC_ROOT_CLASS = YES_ERROR;
				CLANG_WARN_QUOTED_INCLUDE_IN_FRAMEWORK_HEADER = YES;
				CLANG_WARN_RANGE_LOOP_ANALYSIS = YES;
				CLANG_WARN_STRICT_PROTOTYPES = YES;
				CLANG_WARN_SUSPICIOUS_MOVE = YES;
				CLANG_WARN_UNGUARDED_AVAILABILITY = YES_AGGRESSIVE;
				CLANG_WARN_UNREACHABLE_CODE = YES;
				CLANG_WARN__DUPLICATE_METHOD_MATCH = YES;
				COPY_PHASE_STRIP = NO;
				DEBUG_INFORMATION_FORMAT = dwarf;
				DEVELOPMENT_TEAM = Z82D9X26SA;
				ENABLE_STRICT_OBJC_MSGSEND = YES;
				ENABLE_TESTABILITY = YES;
				ENABLE_USER_SCRIPT_SANDBOXING = YES;
				GCC_C_LANGUAGE_STANDARD = gnu17;
				GCC_DYNAMIC_NO_PIC = NO;
				GCC_NO_COMMON_BLOCKS = YES;
				GCC_OPTIMIZATION_LEVEL = 0;
				GCC_PREPROCESSOR_DEFINITIONS = (
					"DEBUG=1",
					"$(inherited)",
				);
				GCC_WARN_64_TO_32_BIT_CONVERSION = YES;
				GCC_WARN_ABOUT_RETURN_TYPE = YES_ERROR;
				GCC_WARN_UNDECLARED_SELECTOR = YES;
				GCC_WARN_UNINITIALIZED_AUTOS = YES_AGGRESSIVE;
				GCC_WARN_UNUSED_FUNCTION = YES;
				GCC_WARN_UNUSED_VARIABLE = YES;
				IPHONEOS_DEPLOYMENT_TARGET = 18.4;
				LOCALIZATION_PREFERS_STRING_CATALOGS = YES;
				MTL_ENABLE_DEBUG_INFO = INCLUDE_SOURCE;
				MTL_FAST_MATH = YES;
				ONLY_ACTIVE_ARCH = YES;
				SDKROOT = iphoneos;
				SWIFT_ACTIVE_COMPILATION_CONDITIONS = "DEBUG $(inherited)";
				SWIFT_OPTIMIZATION_LEVEL = "-Onone";
			};
			name = Debug;
		};
		3DBFEA852DDAD6A600486DC8 /* Release */ = {
			isa = XCBuildConfiguration;
			buildSettings = {
				ALWAYS_SEARCH_USER_PATHS = NO;
				ASSETCATALOG_COMPILER_GENERATE_SWIFT_ASSET_SYMBOL_EXTENSIONS = YES;
				CLANG_ANALYZER_NONNULL = YES;
				CLANG_ANALYZER_NUMBER_OBJECT_CONVERSION = YES_AGGRESSIVE;
				CLANG_CXX_LANGUAGE_STANDARD = "gnu++20";
				CLANG_ENABLE_MODULES = YES;
				CLANG_ENABLE_OBJC_ARC = YES;
				CLANG_ENABLE_OBJC_WEAK = YES;
				CLANG_WARN_BLOCK_CAPTURE_AUTORELEASING = YES;
				CLANG_WARN_BOOL_CONVERSION = YES;
				CLANG_WARN_COMMA = YES;
				CLANG_WARN_CONSTANT_CONVERSION = YES;
				CLANG_WARN_DEPRECATED_OBJC_IMPLEMENTATIONS = YES;
				CLANG_WARN_DIRECT_OBJC_ISA_USAGE = YES_ERROR;
				CLANG_WARN_DOCUMENTATION_COMMENTS = YES;
				CLANG_WARN_EMPTY_BODY = YES;
				CLANG_WARN_ENUM_CONVERSION = YES;
				CLANG_WARN_INFINITE_RECURSION = YES;
				CLANG_WARN_INT_CONVERSION = YES;
				CLANG_WARN_NON_LITERAL_NULL_CONVERSION = YES;
				CLANG_WARN_OBJC_IMPLICIT_RETAIN_SELF = YES;
				CLANG_WARN_OBJC_LITERAL_CONVERSION = YES;
				CLANG_WARN_OBJC_ROOT_CLASS = YES_ERROR;
				CLANG_WARN_QUOTED_INCLUDE_IN_FRAMEWORK_HEADER = YES;
				CLANG_WARN_RANGE_LOOP_ANALYSIS = YES;
				CLANG_WARN_STRICT_PROTOTYPES = YES;
				CLANG_WARN_SUSPICIOUS_MOVE = YES;
				CLANG_WARN_UNGUARDED_AVAILABILITY = YES_AGGRESSIVE;
				CLANG_WARN_UNREACHABLE_CODE = YES;
				CLANG_WARN__DUPLICATE_METHOD_MATCH = YES;
				COPY_PHASE_STRIP = NO;
				DEBUG_INFORMATION_FORMAT = "dwarf-with-dsym";
				DEVELOPMENT_TEAM = Z82D9X26SA;
				ENABLE_NS_ASSERTIONS = NO;
				ENABLE_STRICT_OBJC_MSGSEND = YES;
				ENABLE_USER_SCRIPT_SANDBOXING = YES;
				GCC_C_LANGUAGE_STANDARD = gnu17;
				GCC_NO_COMMON_BLOCKS = YES;
				GCC_WARN_64_TO_32_BIT_CONVERSION = YES;
				GCC_WARN_ABOUT_RETURN_TYPE = YES_ERROR;
				GCC_WARN_UNDECLARED_SELECTOR = YES;
				GCC_WARN_UNINITIALIZED_AUTOS = YES_AGGRESSIVE;
				GCC_WARN_UNUSED_FUNCTION = YES;
				GCC_WARN_UNUSED_VARIABLE = YES;
				IPHONEOS_DEPLOYMENT_TARGET = 18.4;
				LOCALIZATION_PREFERS_STRING_CATALOGS = YES;
				MTL_ENABLE_DEBUG_INFO = NO;
				MTL_FAST_MATH = YES;
				SDKROOT = iphoneos;
				SWIFT_COMPILATION_MODE = wholemodule;
				VALIDATE_PRODUCT = YES;
			};
			name = Release;
		};
		3DBFEA872DDAD6A600486DC8 /* Debug */ = {
			isa = XCBuildConfiguration;
			buildSettings = {
				ASSETCATALOG_COMPILER_APPICON_NAME = AppIcon;
				ASSETCATALOG_COMPILER_GLOBAL_ACCENT_COLOR_NAME = AccentColor;
				CODE_SIGN_STYLE = Automatic;
				CURRENT_PROJECT_VERSION = 1;
				DEVELOPMENT_TEAM = Z82D9X26SA;
				ENABLE_PREVIEWS = YES;
				GENERATE_INFOPLIST_FILE = YES;
				INFOPLIST_KEY_UIApplicationSceneManifest_Generation = YES;
				INFOPLIST_KEY_UIApplicationSupportsIndirectInputEvents = YES;
				INFOPLIST_KEY_UILaunchScreen_Generation = YES;
				INFOPLIST_KEY_UISupportedInterfaceOrientations = "UIInterfaceOrientationLandscapeLeft UIInterfaceOrientationLandscapeRight";
				INFOPLIST_KEY_UISupportedInterfaceOrientations_iPad = "UIInterfaceOrientationLandscapeLeft UIInterfaceOrientationLandscapeRight UIInterfaceOrientationPortrait UIInterfaceOrientationPortraitUpsideDown";
				LD_RUNPATH_SEARCH_PATHS = (
					"$(inherited)",
					"@executable_path/Frameworks",
				);
				MARKETING_VERSION = 1.0;
				PRODUCT_BUNDLE_IDENTIFIER = com.devidhan.OrderBook;
				PRODUCT_NAME = "$(TARGET_NAME)";
				SUPPORTED_PLATFORMS = "iphoneos iphonesimulator";
				SUPPORTS_MACCATALYST = NO;
				SUPPORTS_MAC_DESIGNED_FOR_IPHONE_IPAD = NO;
				SUPPORTS_XR_DESIGNED_FOR_IPHONE_IPAD = NO;
				SWIFT_EMIT_LOC_STRINGS = YES;
				SWIFT_VERSION = 5.0;
				TARGETED_DEVICE_FAMILY = "1,2";
			};
			name = Debug;
		};
		3DBFEA882DDAD6A600486DC8 /* Release */ = {
			isa = XCBuildConfiguration;
			buildSettings = {
				ASSETCATALOG_COMPILER_APPICON_NAME = AppIcon;
				ASSETCATALOG_COMPILER_GLOBAL_ACCENT_COLOR_NAME = AccentColor;
				CODE_SIGN_STYLE = Automatic;
				CURRENT_PROJECT_VERSION = 1;
				DEVELOPMENT_TEAM = Z82D9X26SA;
				ENABLE_PREVIEWS = YES;
				GENERATE_INFOPLIST_FILE = YES;
				INFOPLIST_KEY_UIApplicationSceneManifest_Generation = YES;
				INFOPLIST_KEY_UIApplicationSupportsIndirectInputEvents = YES;
				INFOPLIST_KEY_UILaunchScreen_Generation = YES;
				INFOPLIST_KEY_UISupportedInterfaceOrientations = "UIInterfaceOrientationLandscapeLeft UIInterfaceOrientationLandscapeRight";
				INFOPLIST_KEY_UISupportedInterfaceOrientations_iPad = "UIInterfaceOrientationLandscapeLeft UIInterfaceOrientationLandscapeRight UIInterfaceOrientationPortrait UIInterfaceOrientationPortraitUpsideDown";
				LD_RUNPATH_SEARCH_PATHS = (
					"$(inherited)",
					"@executable_path/Frameworks",
				);
				MARKETING_VERSION = 1.0;
				PRODUCT_BUNDLE_IDENTIFIER = com.devidhan.OrderBook;
				PRODUCT_NAME = "$(TARGET_NAME)";
				SUPPORTED_PLATFORMS = "iphoneos iphonesimulator";
				SUPPORTS_MACCATALYST = NO;
				SUPPORTS_MAC_DESIGNED_FOR_IPHONE_IPAD = NO;
				SUPPORTS_XR_DESIGNED_FOR_IPHONE_IPAD = NO;
				SWIFT_EMIT_LOC_STRINGS = YES;
				SWIFT_VERSION = 5.0;
				TARGETED_DEVICE_FAMILY = "1,2";
			};
			name = Release;
		};
		3DBFEA8A2DDAD6A600486DC8 /* Debug */ = {
			isa = XCBuildConfiguration;
			buildSettings = {
				BUNDLE_LOADER = "$(TEST_HOST)";
				CODE_SIGN_STYLE = Automatic;
				CURRENT_PROJECT_VERSION = 1;
				DEVELOPMENT_TEAM = Z82D9X26SA;
				GENERATE_INFOPLIST_FILE = YES;
				IPHONEOS_DEPLOYMENT_TARGET = 18.4;
				MARKETING_VERSION = 1.0;
				PRODUCT_BUNDLE_IDENTIFIER = com.devidhan.OrderBookTests;
				PRODUCT_NAME = "$(TARGET_NAME)";
				SWIFT_EMIT_LOC_STRINGS = NO;
				SWIFT_VERSION = 5.0;
				TARGETED_DEVICE_FAMILY = "1,2";
				TEST_HOST = "$(BUILT_PRODUCTS_DIR)/OrderBook.app/$(BUNDLE_EXECUTABLE_FOLDER_PATH)/OrderBook";
			};
			name = Debug;
		};
		3DBFEA8B2DDAD6A600486DC8 /* Release */ = {
			isa = XCBuildConfiguration;
			buildSettings = {
				BUNDLE_LOADER = "$(TEST_HOST)";
				CODE_SIGN_STYLE = Automatic;
				CURRENT_PROJECT_VERSION = 1;
				DEVELOPMENT_TEAM = Z82D9X26SA;
				GENERATE_INFOPLIST_FILE = YES;
				IPHONEOS_DEPLOYMENT_TARGET = 18.4;
				MARKETING_VERSION = 1.0;
				PRODUCT_BUNDLE_IDENTIFIER = com.devidhan.OrderBookTests;
				PRODUCT_NAME = "$(TARGET_NAME)";
				SWIFT_EMIT_LOC_STRINGS = NO;
				SWIFT_VERSION = 5.0;
				TARGETED_DEVICE_FAMILY = "1,2";
				TEST_HOST = "$(BUILT_PRODUCTS_DIR)/OrderBook.app/$(BUNDLE_EXECUTABLE_FOLDER_PATH)/OrderBook";
			};
			name = Release;
		};
		3DBFEA8D2DDAD6A600486DC8 /* Debug */ = {
			isa = XCBuildConfiguration;
			buildSettings = {
				CODE_SIGN_STYLE = Automatic;
				CURRENT_PROJECT_VERSION = 1;
				DEVELOPMENT_TEAM = Z82D9X26SA;
				GENERATE_INFOPLIST_FILE = YES;
				MARKETING_VERSION = 1.0;
				PRODUCT_BUNDLE_IDENTIFIER = com.devidhan.OrderBookUITests;
				PRODUCT_NAME = "$(TARGET_NAME)";
				SWIFT_EMIT_LOC_STRINGS = NO;
				SWIFT_VERSION = 5.0;
				TARGETED_DEVICE_FAMILY = "1,2";
				TEST_TARGET_NAME = OrderBook;
			};
			name = Debug;
		};
		3DBFEA8E2DDAD6A600486DC8 /* Release */ = {
			isa = XCBuildConfiguration;
			buildSettings = {
				CODE_SIGN_STYLE = Automatic;
				CURRENT_PROJECT_VERSION = 1;
				DEVELOPMENT_TEAM = Z82D9X26SA;
				GENERATE_INFOPLIST_FILE = YES;
				MARKETING_VERSION = 1.0;
				PRODUCT_BUNDLE_IDENTIFIER = com.devidhan.OrderBookUITests;
				PRODUCT_NAME = "$(TARGET_NAME)";
				SWIFT_EMIT_LOC_STRINGS = NO;
				SWIFT_VERSION = 5.0;
				TARGETED_DEVICE_FAMILY = "1,2";
				TEST_TARGET_NAME = OrderBook;
			};
			name = Release;
		};
/* End XCBuildConfiguration section */

/* Begin XCConfigurationList section */
		3DBFEA602DDAD6A500486DC8 /* Build configuration list for PBXProject "OrderBook" */ = {
			isa = XCConfigurationList;
			buildConfigurations = (
				3DBFEA842DDAD6A600486DC8 /* Debug */,
				3DBFEA852DDAD6A600486DC8 /* Release */,
			);
			defaultConfigurationIsVisible = 0;
			defaultConfigurationName = Release;
		};
		3DBFEA862DDAD6A600486DC8 /* Build configuration list for PBXNativeTarget "OrderBook" */ = {
			isa = XCConfigurationList;
			buildConfigurations = (
				3DBFEA872DDAD6A600486DC8 /* Debug */,
				3DBFEA882DDAD6A600486DC8 /* Release */,
			);
			defaultConfigurationIsVisible = 0;
			defaultConfigurationName = Release;
		};
		3DBFEA892DDAD6A600486DC8 /* Build configuration list for PBXNativeTarget "OrderBookTests" */ = {
			isa = XCConfigurationList;
			buildConfigurations = (
				3DBFEA8A2DDAD6A600486DC8 /* Debug */,
				3DBFEA8B2DDAD6A600486DC8 /* Release */,
			);
			defaultConfigurationIsVisible = 0;
			defaultConfigurationName = Release;
		};
		3DBFEA8C2DDAD6A600486DC8 /* Build configuration list for PBXNativeTarget "OrderBookUITests" */ = {
			isa = XCConfigurationList;
			buildConfigurations = (
				3DBFEA8D2DDAD6A600486DC8 /* Debug */,
				3DBFEA8E2DDAD6A600486DC8 /* Release */,
			);
			defaultConfigurationIsVisible = 0;
			defaultConfigurationName = Release;
		};
/* End XCConfigurationList section */
	};
	rootObject = 3DBFEA5D2DDAD6A500486DC8 /* Project object */;
}
